
Microsoft Visual Studio Solution File, Format Version 12.00
# Visual Studio Version 16
VisualStudioVersion = 16.0.32106.194
MinimumVisualStudioVersion = 10.0.40219.1
Project("{FAE04EC0-301F-11D3-BF4B-00C04F79EFBC}") = "CrudOperation", "CrudOperation.csproj", "{0D88A42E-868C-4D4D-B03C-85C33210A0CA}"
EndProject
Global
	GlobalSection(SolutionConfigurationPlatforms) = preSolution
		Debug|Any CPU = Debug|Any CPU
		Release|Any CPU = Release|Any CPU
	EndGlobalSection
	GlobalSection(ProjectConfigurationPlatforms) = postSolution
		{0D88A42E-868C-4D4D-B03C-85C33210A0CA}.Debug|Any CPU.ActiveCfg = Debug|Any CPU
		{0D88A42E-868C-4D4D-B03C-85C33210A0CA}.Debug|Any CPU.Build.0 = Debug|Any CPU
		{0D88A42E-868C-4D4D-B03C-85C33210A0CA}.Release|Any CPU.ActiveCfg = Release|Any CPU
		{0D88A42E-868C-4D4D-B03C-85C33210A0CA}.Release|Any CPU.Build.0 = Release|Any CPU
	EndGlobalSection
	GlobalSection(SolutionProperties) = preSolution
		HideSolutionNode = FALSE
	EndGlobalSection
	GlobalSection(ExtensibilityGlobals) = postSolution
		SolutionGuid = {42EA71D3-E265-4963-ABF4-CC9A7929304D}
	EndGlobalSection
EndGlobal
